
Microsoft Visual Studio Solution File, Format Version 12.00
# Visual Studio Version 17
VisualStudioVersion = 17.6.33815.320
MinimumVisualStudioVersion = 10.0.40219.1
Project("{FAE04EC0-301F-11D3-BF4B-00C04F79EFBC}") = "HoloGuessForm", "HoloGuessForm\HoloGuessForm.csproj", "{32629FFA-5880-4D08-B875-CC3DE89EA357}"
EndProject
Project("{FAE04EC0-301F-11D3-BF4B-00C04F79EFBC}") = "Database", "Database\Database.csproj", "{6B4C0700-77BF-4C77-AF87-D81AB5035D13}"
EndProject
Project("{FAE04EC0-301F-11D3-BF4B-00C04F79EFBC}") = "CodeTesting", "CodeTesting\CodeTesting.csproj", "{D74FE646-C761-4D85-86E6-43251E0D63FD}"
EndProject
Global
	GlobalSection(SolutionConfigurationPlatforms) = preSolution
		Debug|Any CPU = Debug|Any CPU
		Release|Any CPU = Release|Any CPU
	EndGlobalSection
	GlobalSection(ProjectConfigurationPlatforms) = postSolution
		{32629FFA-5880-4D08-B875-CC3DE89EA357}.Debug|Any CPU.ActiveCfg = Debug|Any CPU
		{32629FFA-5880-4D08-B875-CC3DE89EA357}.Debug|Any CPU.Build.0 = Debug|Any CPU
		{32629FFA-5880-4D08-B875-CC3DE89EA357}.Release|Any CPU.ActiveCfg = Release|Any CPU
		{32629FFA-5880-4D08-B875-CC3DE89EA357}.Release|Any CPU.Build.0 = Release|Any CPU
		{6B4C0700-77BF-4C77-AF87-D81AB5035D13}.Debug|Any CPU.ActiveCfg = Debug|Any CPU
		{6B4C0700-77BF-4C77-AF87-D81AB5035D13}.Debug|Any CPU.Build.0 = Debug|Any CPU
		{6B4C0700-77BF-4C77-AF87-D81AB5035D13}.Release|Any CPU.ActiveCfg = Release|Any CPU
		{6B4C0700-77BF-4C77-AF87-D81AB5035D13}.Release|Any CPU.Build.0 = Release|Any CPU
		{D74FE646-C761-4D85-86E6-43251E0D63FD}.Debug|Any CPU.ActiveCfg = Debug|Any CPU
		{D74FE646-C761-4D85-86E6-43251E0D63FD}.Debug|Any CPU.Build.0 = Debug|Any CPU
		{D74FE646-C761-4D85-86E6-43251E0D63FD}.Release|Any CPU.ActiveCfg = Release|Any CPU
		{D74FE646-C761-4D85-86E6-43251E0D63FD}.Release|Any CPU.Build.0 = Release|Any CPU
	EndGlobalSection
	GlobalSection(SolutionProperties) = preSolution
		HideSolutionNode = FALSE
	EndGlobalSection
	GlobalSection(ExtensibilityGlobals) = postSolution
		SolutionGuid = {AD66A7C1-E215-4FF6-8140-827EDD8BAFCD}
	EndGlobalSection
EndGlobal
